
Microsoft Visual Studio Solution File, Format Version 12.00
# Visual Studio Version 17
VisualStudioVersion = 17.4.33122.133
MinimumVisualStudioVersion = 10.0.40219.1
Project("{9A19103F-16F7-4668-BE54-9A1E7A4F7556}") = "fordocker", "fordocker\fordocker.csproj", "{C325903C-7279-45CA-B75D-916365624482}"
EndProject
Project("{FAE04EC0-301F-11D3-BF4B-00C04F79EFBC}") = "WebApplication1", "WebApplication1\WebApplication1.csproj", "{251E3CAB-7C8C-4B39-A60C-52C5F12EE1A6}"
EndProject
Global
	GlobalSection(SolutionConfigurationPlatforms) = preSolution
		Debug|Any CPU = Debug|Any CPU
		Release|Any CPU = Release|Any CPU
	EndGlobalSection
	GlobalSection(ProjectConfigurationPlatforms) = postSolution
		{C325903C-7279-45CA-B75D-916365624482}.Debug|Any CPU.ActiveCfg = Debug|Any CPU
		{C325903C-7279-45CA-B75D-916365624482}.Debug|Any CPU.Build.0 = Debug|Any CPU
		{C325903C-7279-45CA-B75D-916365624482}.Release|Any CPU.ActiveCfg = Release|Any CPU
		{C325903C-7279-45CA-B75D-916365624482}.Release|Any CPU.Build.0 = Release|Any CPU
		{251E3CAB-7C8C-4B39-A60C-52C5F12EE1A6}.Debug|Any CPU.ActiveCfg = Debug|Any CPU
		{251E3CAB-7C8C-4B39-A60C-52C5F12EE1A6}.Debug|Any CPU.Build.0 = Debug|Any CPU
		{251E3CAB-7C8C-4B39-A60C-52C5F12EE1A6}.Release|Any CPU.ActiveCfg = Release|Any CPU
		{251E3CAB-7C8C-4B39-A60C-52C5F12EE1A6}.Release|Any CPU.Build.0 = Release|Any CPU
	EndGlobalSection
	GlobalSection(SolutionProperties) = preSolution
		HideSolutionNode = FALSE
	EndGlobalSection
	GlobalSection(ExtensibilityGlobals) = postSolution
		SolutionGuid = {60358260-D17A-48CE-A91C-9F5F1BD03F3E}
	EndGlobalSection
EndGlobal
